// !$*UTF8*$!
{
	archiveVersion = 1;
	classes = {
	};
	objectVersion = 46;
	objects = {

/* Begin PBXBuildFile section */
		24F72FB43118601CA4844557 /* libPods-Todos.a in Frameworks */ = {isa = PBXBuildFile; fileRef = 31C7748ED91348FAD24A6DA5 /* libPods-Todos.a */; };
		67424019A76A2B8539821F98 /* AddViewController.m in Sources */ = {isa = PBXBuildFile; fileRef = 674248320C346F5FFE14094D /* AddViewController.m */; };
		6742404B59C984204550187D /* TodosTests.m in Sources */ = {isa = PBXBuildFile; fileRef = 67424EA38C6A69C134721CFA /* TodosTests.m */; };
		67424132BC6A1D6FBC860746 /* ServiceContext.m in Sources */ = {isa = PBXBuildFile; fileRef = 67424E39003EF30FA9C8E1B0 /* ServiceContext.m */; };
		67424323E5F48534171852F3 /* ListViewController.m in Sources */ = {isa = PBXBuildFile; fileRef = 67424011887ADE8664DB9584 /* ListViewController.m */; };
		6742442DE07E89C72CCF52AE /* Todo.m in Sources */ = {isa = PBXBuildFile; fileRef = 674247700213AD694AB24A14 /* Todo.m */; };
		674244A0E42A127C88EC7EAA /* Images.xcassets in Resources */ = {isa = PBXBuildFile; fileRef = 6742494872A2D7F096838701 /* Images.xcassets */; };
		6742465452052861455F3F18 /* TodoCell.m in Sources */ = {isa = PBXBuildFile; fileRef = 67424AD22960AC0C35A3ACF7 /* TodoCell.m */; };
		6742495479613FDA3A12123D /* Main.storyboard in Resources */ = {isa = PBXBuildFile; fileRef = 674249B7B11BEA0EEBA6F8E6 /* Main.storyboard */; };
		67424A7894AAAB16B168D420 /* AppDelegate.m in Sources */ = {isa = PBXBuildFile; fileRef = 674240806A53DBE8316192E1 /* AppDelegate.m */; };
		67424A9A9F823BAE1102CE2A /* LaunchScreen.xib in Resources */ = {isa = PBXBuildFile; fileRef = 674249802CAD345733B6F7E2 /* LaunchScreen.xib */; };
		67424C8DCBCE4D444F225454 /* main.m in Sources */ = {isa = PBXBuildFile; fileRef = 67424DEBC8B1E68DF648242B /* main.m */; };
		67424F4500845E868BFD93D6 /* TodoService.m in Sources */ = {isa = PBXBuildFile; fileRef = 6742439F434F8B1B06B8A100 /* TodoService.m */; };
/* End PBXBuildFile section */

/* Begin PBXContainerItemProxy section */
		674241778D49A0C1C5E8FD0E /* PBXContainerItemProxy */ = {
			isa = PBXContainerItemProxy;
			containerPortal = 67424003DDDBF38CAEAAB0FB /* Project object */;
			proxyType = 1;
			remoteGlobalIDString = 674249E433C73FB429382FD2;
			remoteInfo = Todos;
		};
/* End PBXContainerItemProxy section */

/* Begin PBXFileReference section */
		13886FFE9C94C71A78A53D99 /* Pods-Todos.debug.xcconfig */ = {isa = PBXFileReference; includeInIndex = 1; lastKnownFileType = text.xcconfig; name = "Pods-Todos.debug.xcconfig"; path = "Pods/Target Support Files/Pods-Todos/Pods-Todos.debug.xcconfig"; sourceTree = "<group>"; };
		31C7748ED91348FAD24A6DA5 /* libPods-Todos.a */ = {isa = PBXFileReference; explicitFileType = archive.ar; includeInIndex = 0; path = "libPods-Todos.a"; sourceTree = BUILT_PRODUCTS_DIR; };
		67424011887ADE8664DB9584 /* ListViewController.m */ = {isa = PBXFileReference; lastKnownFileType = sourcecode.c.objc; path = ListViewController.m; sourceTree = "<group>"; };
		674240806A53DBE8316192E1 /* AppDelegate.m */ = {isa = PBXFileReference; lastKnownFileType = sourcecode.c.objc; path = AppDelegate.m; sourceTree = "<group>"; };
		6742425D0E5A4BD6F614DFCB /* AppDelegate.h */ = {isa = PBXFileReference; lastKnownFileType = sourcecode.c.h; path = AppDelegate.h; sourceTree = "<group>"; };
		67424266A35E59A7B8CC3718 /* AddViewController.h */ = {isa = PBXFileReference; fileEncoding = 4; lastKnownFileType = sourcecode.c.h; path = AddViewController.h; sourceTree = "<group>"; };
		674243675FE285FB3CF1467B /* ListViewController.h */ = {isa = PBXFileReference; lastKnownFileType = sourcecode.c.h; path = ListViewController.h; sourceTree = "<group>"; };
		6742439F434F8B1B06B8A100 /* TodoService.m */ = {isa = PBXFileReference; fileEncoding = 4; lastKnownFileType = sourcecode.c.objc; path = TodoService.m; sourceTree = "<group>"; };
		67424567D804514E9300F94A /* ServiceContext.h */ = {isa = PBXFileReference; fileEncoding = 4; lastKnownFileType = sourcecode.c.h; path = ServiceContext.h; sourceTree = "<group>"; };
		674245A44D4C6B3D7C357CC5 /* TodoService.h */ = {isa = PBXFileReference; fileEncoding = 4; lastKnownFileType = sourcecode.c.h; path = TodoService.h; sourceTree = "<group>"; };
		674245D587261A1C6D3369F5 /* Base */ = {isa = PBXFileReference; lastKnownFileType = file.xib; name = Base; path = Base.lproj/LaunchScreen.xib; sourceTree = "<group>"; };
		674247700213AD694AB24A14 /* Todo.m */ = {isa = PBXFileReference; fileEncoding = 4; lastKnownFileType = sourcecode.c.objc; path = Todo.m; sourceTree = "<group>"; };
		674248320C346F5FFE14094D /* AddViewController.m */ = {isa = PBXFileReference; fileEncoding = 4; lastKnownFileType = sourcecode.c.objc; path = AddViewController.m; sourceTree = "<group>"; };
		6742494872A2D7F096838701 /* Images.xcassets */ = {isa = PBXFileReference; lastKnownFileType = folder.assetcatalog; path = Images.xcassets; sourceTree = "<group>"; };
		67424A85784AEF66E9398A3D /* TodoCell.h */ = {isa = PBXFileReference; fileEncoding = 4; lastKnownFileType = sourcecode.c.h; path = TodoCell.h; sourceTree = "<group>"; };
		67424AD22960AC0C35A3ACF7 /* TodoCell.m */ = {isa = PBXFileReference; fileEncoding = 4; lastKnownFileType = sourcecode.c.objc; path = TodoCell.m; sourceTree = "<group>"; };
		67424D80891F7AF91AB9C420 /* Base */ = {isa = PBXFileReference; lastKnownFileType = file.storyboard; name = Base; path = Base.lproj/Main.storyboard; sourceTree = "<group>"; };
		67424D9D4CA7F77C63D2183D /* Info.plist */ = {isa = PBXFileReference; lastKnownFileType = text.plist.info; path = Info.plist; sourceTree = "<group>"; };
		67424DC62F7590C852169375 /* Todo.h */ = {isa = PBXFileReference; fileEncoding = 4; lastKnownFileType = sourcecode.c.h; path = Todo.h; sourceTree = "<group>"; };
		67424DEBC8B1E68DF648242B /* main.m */ = {isa = PBXFileReference; lastKnownFileType = sourcecode.c.objc; path = main.m; sourceTree = "<group>"; };
		67424E190BED53354061F9BD /* Todos.app */ = {isa = PBXFileReference; explicitFileType = wrapper.application; includeInIndex = 0; path = Todos.app; sourceTree = BUILT_PRODUCTS_DIR; };
		67424E39003EF30FA9C8E1B0 /* ServiceContext.m */ = {isa = PBXFileReference; fileEncoding = 4; lastKnownFileType = sourcecode.c.objc; path = ServiceContext.m; sourceTree = "<group>"; };
		67424EA38C6A69C134721CFA /* TodosTests.m */ = {isa = PBXFileReference; lastKnownFileType = sourcecode.c.objc; path = TodosTests.m; sourceTree = "<group>"; };
		67424EAB1CE8B4752E4255D2 /* TodosTests.xctest */ = {isa = PBXFileReference; explicitFileType = wrapper.cfbundle; includeInIndex = 0; path = TodosTests.xctest; sourceTree = BUILT_PRODUCTS_DIR; };
		67424FB28ED8670B1468095B /* Info.plist */ = {isa = PBXFileReference; lastKnownFileType = text.plist.info; path = Info.plist; sourceTree = "<group>"; };
		CB8D10158CFDA92BE74EEABA /* Pods-Todos.release.xcconfig */ = {isa = PBXFileReference; includeInIndex = 1; lastKnownFileType = text.xcconfig; name = "Pods-Todos.release.xcconfig"; path = "Pods/Target Support Files/Pods-Todos/Pods-Todos.release.xcconfig"; sourceTree = "<group>"; };
/* End PBXFileReference section */

/* Begin PBXFrameworksBuildPhase section */
		674246BF4AA14C4125B16952 /* Frameworks */ = {
			isa = PBXFrameworksBuildPhase;
			buildActionMask = 2147483647;
			files = (
				24F72FB43118601CA4844557 /* libPods-Todos.a in Frameworks */,
			);
			runOnlyForDeploymentPostprocessing = 0;
		};
		6742484641694DDD31101C6E /* Frameworks */ = {
			isa = PBXFrameworksBuildPhase;
			buildActionMask = 2147483647;
			files = (
			);
			runOnlyForDeploymentPostprocessing = 0;
		};
/* End PBXFrameworksBuildPhase section */

/* Begin PBXGroup section */
		674243890935DBDF6FAE8F02 /* Products */ = {
			isa = PBXGroup;
			children = (
				67424E190BED53354061F9BD /* Todos.app */,
				67424EAB1CE8B4752E4255D2 /* TodosTests.xctest */,
			);
			name = Products;
			sourceTree = "<group>";
		};
		6742480C26946DACAE31157F /* Supporting Files */ = {
			isa = PBXGroup;
			children = (
				67424FB28ED8670B1468095B /* Info.plist */,
			);
			name = "Supporting Files";
			sourceTree = "<group>";
		};
		674248C298044997EAB4F544 /* Supporting Files */ = {
			isa = PBXGroup;
			children = (
				67424D9D4CA7F77C63D2183D /* Info.plist */,
				67424DEBC8B1E68DF648242B /* main.m */,
			);
			name = "Supporting Files";
			sourceTree = "<group>";
		};
		67424AD3BF80330309515D0E /* TodosTests */ = {
			isa = PBXGroup;
			children = (
				6742480C26946DACAE31157F /* Supporting Files */,
				67424EA38C6A69C134721CFA /* TodosTests.m */,
			);
			path = TodosTests;
			sourceTree = "<group>";
		};
		67424EDD43B83E20A749836A = {
			isa = PBXGroup;
			children = (
				674243890935DBDF6FAE8F02 /* Products */,
				67424F298DF30F9F0CE546F1 /* Todos */,
				67424AD3BF80330309515D0E /* TodosTests */,
				94E817776416DF045C66ECF1 /* Pods */,
				E999298303F8D10D1283E571 /* Frameworks */,
			);
			sourceTree = "<group>";
		};
		67424F298DF30F9F0CE546F1 /* Todos */ = {
			isa = PBXGroup;
			children = (
				674248C298044997EAB4F544 /* Supporting Files */,
				6742494872A2D7F096838701 /* Images.xcassets */,
				674249802CAD345733B6F7E2 /* LaunchScreen.xib */,
				6742425D0E5A4BD6F614DFCB /* AppDelegate.h */,
				674240806A53DBE8316192E1 /* AppDelegate.m */,
				674249B7B11BEA0EEBA6F8E6 /* Main.storyboard */,
				674243675FE285FB3CF1467B /* ListViewController.h */,
				67424011887ADE8664DB9584 /* ListViewController.m */,
				6742439F434F8B1B06B8A100 /* TodoService.m */,
				674245A44D4C6B3D7C357CC5 /* TodoService.h */,
				674247700213AD694AB24A14 /* Todo.m */,
				67424DC62F7590C852169375 /* Todo.h */,
				67424AD22960AC0C35A3ACF7 /* TodoCell.m */,
				67424A85784AEF66E9398A3D /* TodoCell.h */,
				674248320C346F5FFE14094D /* AddViewController.m */,
				67424266A35E59A7B8CC3718 /* AddViewController.h */,
				67424E39003EF30FA9C8E1B0 /* ServiceContext.m */,
				67424567D804514E9300F94A /* ServiceContext.h */,
			);
			path = Todos;
			sourceTree = "<group>";
		};
		94E817776416DF045C66ECF1 /* Pods */ = {
			isa = PBXGroup;
			children = (
				13886FFE9C94C71A78A53D99 /* Pods-Todos.debug.xcconfig */,
				CB8D10158CFDA92BE74EEABA /* Pods-Todos.release.xcconfig */,
			);
			name = Pods;
			sourceTree = "<group>";
		};
		E999298303F8D10D1283E571 /* Frameworks */ = {
			isa = PBXGroup;
			children = (
				31C7748ED91348FAD24A6DA5 /* libPods-Todos.a */,
			);
			name = Frameworks;
			sourceTree = "<group>";
		};
/* End PBXGroup section */

/* Begin PBXNativeTarget section */
		674249E433C73FB429382FD2 /* Todos */ = {
			isa = PBXNativeTarget;
			buildConfigurationList = 67424F0B361EE4C1E92736F9 /* Build configuration list for PBXNativeTarget "Todos" */;
			buildPhases = (
				97F3B38CA4A34F756799C704 /* Check Pods Manifest.lock */,
				6742491051A103B0A3C22514 /* Sources */,
				674246BF4AA14C4125B16952 /* Frameworks */,
				6742467BDC2857E8EDE3DA36 /* Resources */,
				596D9240898CD69395B4CE47 /* Copy Pods Resources */,
			);
			buildRules = (
			);
			dependencies = (
			);
			name = Todos;
			productName = Todos;
			productReference = 67424E190BED53354061F9BD /* Todos.app */;
			productType = "com.apple.product-type.application";
		};
		67424F925E96C608698CB56F /* TodosTests */ = {
			isa = PBXNativeTarget;
			buildConfigurationList = 6742455A8EEDC07BC64D3819 /* Build configuration list for PBXNativeTarget "TodosTests" */;
			buildPhases = (
				674247DA580FF3270066740B /* Sources */,
				6742484641694DDD31101C6E /* Frameworks */,
				67424223DC2F00E419DF1143 /* Resources */,
			);
			buildRules = (
			);
			dependencies = (
				67424C0A7DEB5AD292E87D20 /* PBXTargetDependency */,
			);
			name = TodosTests;
			productName = TodosTests;
			productReference = 67424EAB1CE8B4752E4255D2 /* TodosTests.xctest */;
			productType = "com.apple.product-type.bundle.unit-test";
		};
/* End PBXNativeTarget section */

/* Begin PBXProject section */
		67424003DDDBF38CAEAAB0FB /* Project object */ = {
			isa = PBXProject;
			attributes = {
				ORGANIZATIONNAME = "Rahul Somasunderam";
			};
			buildConfigurationList = 67424F1C7B0FF8BF8EF2FA62 /* Build configuration list for PBXProject "Todos" */;
			compatibilityVersion = "Xcode 3.2";
			developmentRegion = English;
			hasScannedForEncodings = 0;
			knownRegions = (
				en,
			);
			mainGroup = 67424EDD43B83E20A749836A;
			productRefGroup = 674243890935DBDF6FAE8F02 /* Products */;
			projectDirPath = "";
			projectRoot = "";
			targets = (
				674249E433C73FB429382FD2 /* Todos */,
				67424F925E96C608698CB56F /* TodosTests */,
			);
		};
/* End PBXProject section */

/* Begin PBXResourcesBuildPhase section */
		67424223DC2F00E419DF1143 /* Resources */ = {
			isa = PBXResourcesBuildPhase;
			buildActionMask = 2147483647;
			files = (
			);
			runOnlyForDeploymentPostprocessing = 0;
		};
		6742467BDC2857E8EDE3DA36 /* Resources */ = {
			isa = PBXResourcesBuildPhase;
			buildActionMask = 2147483647;
			files = (
				674244A0E42A127C88EC7EAA /* Images.xcassets in Resources */,
				67424A9A9F823BAE1102CE2A /* LaunchScreen.xib in Resources */,
				6742495479613FDA3A12123D /* Main.storyboard in Resources */,
			);
			runOnlyForDeploymentPostprocessing = 0;
		};
/* End PBXResourcesBuildPhase section */

/* Begin PBXShellScriptBuildPhase section */
		596D9240898CD69395B4CE47 /* Copy Pods Resources */ = {
			isa = PBXShellScriptBuildPhase;
			buildActionMask = 2147483647;
			files = (
			);
			inputPaths = (
			);
			name = "Copy Pods Resources";
			outputPaths = (
			);
			runOnlyForDeploymentPostprocessing = 0;
			shellPath = /bin/sh;
			shellScript = "\"${SRCROOT}/Pods/Target Support Files/Pods-Todos/Pods-Todos-resources.sh\"\n";
			showEnvVarsInLog = 0;
		};
		97F3B38CA4A34F756799C704 /* Check Pods Manifest.lock */ = {
			isa = PBXShellScriptBuildPhase;
			buildActionMask = 2147483647;
			files = (
			);
			inputPaths = (
			);
			name = "Check Pods Manifest.lock";
			outputPaths = (
			);
			runOnlyForDeploymentPostprocessing = 0;
			shellPath = /bin/sh;
			shellScript = "diff \"${PODS_ROOT}/../Podfile.lock\" \"${PODS_ROOT}/Manifest.lock\" > /dev/null\nif [[ $? != 0 ]] ; then\n    cat << EOM\nerror: The sandbox is not in sync with the Podfile.lock. Run 'pod install' or update your CocoaPods installation.\nEOM\n    exit 1\nfi\n";
			showEnvVarsInLog = 0;
		};
/* End PBXShellScriptBuildPhase section */

/* Begin PBXSourcesBuildPhase section */
		674247DA580FF3270066740B /* Sources */ = {
			isa = PBXSourcesBuildPhase;
			buildActionMask = 2147483647;
			files = (
				6742404B59C984204550187D /* TodosTests.m in Sources */,
			);
			runOnlyForDeploymentPostprocessing = 0;
		};
		6742491051A103B0A3C22514 /* Sources */ = {
			isa = PBXSourcesBuildPhase;
			buildActionMask = 2147483647;
			files = (
				67424C8DCBCE4D444F225454 /* main.m in Sources */,
				67424A7894AAAB16B168D420 /* AppDelegate.m in Sources */,
				67424323E5F48534171852F3 /* ListViewController.m in Sources */,
				67424F4500845E868BFD93D6 /* TodoService.m in Sources */,
				6742442DE07E89C72CCF52AE /* Todo.m in Sources */,
				6742465452052861455F3F18 /* TodoCell.m in Sources */,
				67424019A76A2B8539821F98 /* AddViewController.m in Sources */,
				67424132BC6A1D6FBC860746 /* ServiceContext.m in Sources */,
			);
			runOnlyForDeploymentPostprocessing = 0;
		};
/* End PBXSourcesBuildPhase section */

/* Begin PBXTargetDependency section */
		67424C0A7DEB5AD292E87D20 /* PBXTargetDependency */ = {
			isa = PBXTargetDependency;
			target = 674249E433C73FB429382FD2 /* Todos */;
			targetProxy = 674241778D49A0C1C5E8FD0E /* PBXContainerItemProxy */;
		};
/* End PBXTargetDependency section */

/* Begin PBXVariantGroup section */
		674249802CAD345733B6F7E2 /* LaunchScreen.xib */ = {
			isa = PBXVariantGroup;
			children = (
				674245D587261A1C6D3369F5 /* Base */,
			);
			name = LaunchScreen.xib;
			sourceTree = "<group>";
		};
		674249B7B11BEA0EEBA6F8E6 /* Main.storyboard */ = {
			isa = PBXVariantGroup;
			children = (
				67424D80891F7AF91AB9C420 /* Base */,
			);
			name = Main.storyboard;
			sourceTree = "<group>";
		};
/* End PBXVariantGroup section */

/* Begin XCBuildConfiguration section */
		67424321A2FEEA39286DC757 /* Debug */ = {
			isa = XCBuildConfiguration;
			baseConfigurationReference = 13886FFE9C94C71A78A53D99 /* Pods-Todos.debug.xcconfig */;
			buildSettings = {
				ASSETCATALOG_COMPILER_APPICON_NAME = AppIcon;
				INFOPLIST_FILE = Todos/Info.plist;
				LD_RUNPATH_SEARCH_PATHS = "$(inherited) @executable_path/Frameworks";
				PRODUCT_NAME = "$(TARGET_NAME)";
				USER_HEADER_SEARCH_PATHS = "\"${PROJECT_DIR}/Pods\"/**";
			};
			name = Debug;
		};
		674244226C1C42FE4660CDAD /* Release */ = {
			isa = XCBuildConfiguration;
			buildSettings = {
				ALWAYS_SEARCH_USER_PATHS = NO;
				CLANG_CXX_LANGUAGE_STANDARD = "gnu++0x";
				CLANG_CXX_LIBRARY = "libc++";
				CLANG_ENABLE_MODULES = YES;
				CLANG_ENABLE_OBJC_ARC = YES;
				CLANG_WARN_BOOL_CONVERSION = YES;
				CLANG_WARN_CONSTANT_CONVERSION = YES;
				CLANG_WARN_DIRECT_OBJC_ISA_USAGE = YES_ERROR;
				CLANG_WARN_EMPTY_BODY = YES;
				CLANG_WARN_ENUM_CONVERSION = YES;
				CLANG_WARN_INT_CONVERSION = YES;
				CLANG_WARN_OBJC_ROOT_CLASS = YES_ERROR;
				CLANG_WARN_UNREACHABLE_CODE = YES;
				CLANG_WARN__DUPLICATE_METHOD_MATCH = YES;
				"CODE_SIGN_IDENTITY[sdk=iphoneos*]" = "iPhone Developer";
				COPY_PHASE_STRIP = NO;
				ENABLE_NS_ASSERTIONS = NO;
				ENABLE_STRICT_OBJC_MSGSEND = YES;
				GCC_C_LANGUAGE_STANDARD = gnu99;
				GCC_WARN_64_TO_32_BIT_CONVERSION = YES;
				GCC_WARN_ABOUT_RETURN_TYPE = YES_ERROR;
				GCC_WARN_UNDECLARED_SELECTOR = YES;
				GCC_WARN_UNINITIALIZED_AUTOS = YES_AGGRESSIVE;
				GCC_WARN_UNUSED_FUNCTION = YES;
				GCC_WARN_UNUSED_VARIABLE = YES;
				IPHONEOS_DEPLOYMENT_TARGET = 8.2;
				MTL_ENABLE_DEBUG_INFO = NO;
				SDKROOT = iphoneos;
				VALIDATE_PRODUCT = YES;
			};
			name = Release;
		};
		67424645816EABC359DB0600 /* Debug */ = {
			isa = XCBuildConfiguration;
			buildSettings = {
				ALWAYS_SEARCH_USER_PATHS = NO;
				CLANG_CXX_LANGUAGE_STANDARD = "gnu++0x";
				CLANG_CXX_LIBRARY = "libc++";
				CLANG_ENABLE_MODULES = YES;
				CLANG_ENABLE_OBJC_ARC = YES;
				CLANG_WARN_BOOL_CONVERSION = YES;
				CLANG_WARN_CONSTANT_CONVERSION = YES;
				CLANG_WARN_DIRECT_OBJC_ISA_USAGE = YES_ERROR;
				CLANG_WARN_EMPTY_BODY = YES;
				CLANG_WARN_ENUM_CONVERSION = YES;
				CLANG_WARN_INT_CONVERSION = YES;
				CLANG_WARN_OBJC_ROOT_CLASS = YES_ERROR;
				CLANG_WARN_UNREACHABLE_CODE = YES;
				CLANG_WARN__DUPLICATE_METHOD_MATCH = YES;
				"CODE_SIGN_IDENTITY[sdk=iphoneos*]" = "iPhone Developer";
				COPY_PHASE_STRIP = NO;
				ENABLE_STRICT_OBJC_MSGSEND = YES;
				GCC_C_LANGUAGE_STANDARD = gnu99;
				GCC_DYNAMIC_NO_PIC = NO;
				GCC_OPTIMIZATION_LEVEL = 0;
				GCC_PREPROCESSOR_DEFINITIONS = (
					"DEBUG=1",
					"$(inherited)",
				);
				GCC_SYMBOLS_PRIVATE_EXTERN = NO;
				GCC_WARN_64_TO_32_BIT_CONVERSION = YES;
				GCC_WARN_ABOUT_RETURN_TYPE = YES_ERROR;
				GCC_WARN_UNDECLARED_SELECTOR = YES;
				GCC_WARN_UNINITIALIZED_AUTOS = YES_AGGRESSIVE;
				GCC_WARN_UNUSED_FUNCTION = YES;
				GCC_WARN_UNUSED_VARIABLE = YES;
				IPHONEOS_DEPLOYMENT_TARGET = 8.2;
				MTL_ENABLE_DEBUG_INFO = YES;
				ONLY_ACTIVE_ARCH = YES;
				SDKROOT = iphoneos;
			};
			name = Debug;
		};
		67424AAAD4E5D36C5D4607E7 /* Debug */ = {
			isa = XCBuildConfiguration;
			buildSettings = {
				BUNDLE_LOADER = "$(BUILT_PRODUCTS_DIR)/Todos.app/Todos";
				FRAMEWORK_SEARCH_PATHS = (
					"$(SDKROOT)/Developer/Library/Frameworks",
					"$(inherited)",
				);
				INFOPLIST_FILE = TodosTests/Info.plist;
				LD_RUNPATH_SEARCH_PATHS = "$(inherited) @executable_path/Frameworks @loader_path/Frameworks";
				PRODUCT_NAME = "$(TARGET_NAME)";
				TEST_HOST = "$(BUNDLE_LOADER)";
			};
			name = Debug;
		};
		67424BDB93522E9015697CDD /* Release */ = {
			isa = XCBuildConfiguration;
			buildSettings = {
				BUNDLE_LOADER = "$(BUILT_PRODUCTS_DIR)/Todos.app/Todos";
				FRAMEWORK_SEARCH_PATHS = (
					"$(SDKROOT)/Developer/Library/Frameworks",
					"$(inherited)",
				);
				INFOPLIST_FILE = TodosTests/Info.plist;
				LD_RUNPATH_SEARCH_PATHS = "$(inherited) @executable_path/Frameworks @loader_path/Frameworks";
				PRODUCT_NAME = "$(TARGET_NAME)";
				TEST_HOST = "$(BUNDLE_LOADER)";
			};
			name = Release;
		};
		67424F34B1A95B92E4DA0C88 /* Release */ = {
			isa = XCBuildConfiguration;
			baseConfigurationReference = CB8D10158CFDA92BE74EEABA /* Pods-Todos.release.xcconfig */;
			buildSettings = {
				ASSETCATALOG_COMPILER_APPICON_NAME = AppIcon;
				INFOPLIST_FILE = Todos/Info.plist;
				LD_RUNPATH_SEARCH_PATHS = "$(inherited) @executable_path/Frameworks";
				PRODUCT_NAME = "$(TARGET_NAME)";
				USER_HEADER_SEARCH_PATHS = "\"${PROJECT_DIR}/Pods\"/**";
			};
			name = Release;
		};
/* End XCBuildConfiguration section */

/* Begin XCConfigurationList section */
		6742455A8EEDC07BC64D3819 /* Build configuration list for PBXNativeTarget "TodosTests" */ = {
			isa = XCConfigurationList;
			buildConfigurations = (
				67424AAAD4E5D36C5D4607E7 /* Debug */,
				67424BDB93522E9015697CDD /* Release */,
			);
			defaultConfigurationIsVisible = 0;
			defaultConfigurationName = Release;
		};
		67424F0B361EE4C1E92736F9 /* Build configuration list for PBXNativeTarget "Todos" */ = {
			isa = XCConfigurationList;
			buildConfigurations = (
				67424321A2FEEA39286DC757 /* Debug */,
				67424F34B1A95B92E4DA0C88 /* Release */,
			);
			defaultConfigurationIsVisible = 0;
			defaultConfigurationName = Release;
		};
		67424F1C7B0FF8BF8EF2FA62 /* Build configuration list for PBXProject "Todos" */ = {
			isa = XCConfigurationList;
			buildConfigurations = (
				67424645816EABC359DB0600 /* Debug */,
				674244226C1C42FE4660CDAD /* Release */,
			);
			defaultConfigurationIsVisible = 0;
			defaultConfigurationName = Release;
		};
/* End XCConfigurationList section */
	};
	rootObject = 67424003DDDBF38CAEAAB0FB /* Project object */;
}
